
Microsoft Visual Studio Solution File, Format Version 12.00
# Visual Studio Version 17
VisualStudioVersion = 17.5.33516.290
MinimumVisualStudioVersion = 10.0.40219.1
Project("{FAE04EC0-301F-11D3-BF4B-00C04F79EFBC}") = "MyGame", "MyGame.csproj", "{B16E0E4C-FAEB-4E4E-807B-AA700D7F8EB8}"
EndProject
Global
	GlobalSection(SolutionConfigurationPlatforms) = preSolution
		Debug|Any CPU = Debug|Any CPU
		Release|Any CPU = Release|Any CPU
	EndGlobalSection
	GlobalSection(ProjectConfigurationPlatforms) = postSolution
		{B16E0E4C-FAEB-4E4E-807B-AA700D7F8EB8}.Debug|Any CPU.ActiveCfg = Debug|Any CPU
		{B16E0E4C-FAEB-4E4E-807B-AA700D7F8EB8}.Debug|Any CPU.Build.0 = Debug|Any CPU
		{B16E0E4C-FAEB-4E4E-807B-AA700D7F8EB8}.Release|Any CPU.ActiveCfg = Release|Any CPU
		{B16E0E4C-FAEB-4E4E-807B-AA700D7F8EB8}.Release|Any CPU.Build.0 = Release|Any CPU
	EndGlobalSection
	GlobalSection(SolutionProperties) = preSolution
		HideSolutionNode = FALSE
	EndGlobalSection
	GlobalSection(ExtensibilityGlobals) = postSolution
		SolutionGuid = {A9F2AF0A-C22F-4DDB-BCD2-8BB6B77763E5}
	EndGlobalSection
EndGlobal
